// !$*UTF8*$!
{
	archiveVersion = 1;
	classes = {
	};
	objectVersion = 56;
	objects = {

/* Begin PBXBuildFile section */
		820ED91E2B56CFD500414CD6 /* AwesomeApp.swift in Sources */ = {isa = PBXBuildFile; fileRef = 820ED91D2B56CFD500414CD6 /* AwesomeApp.swift */; };
		820ED9202B56CFD500414CD6 /* HomeView.swift in Sources */ = {isa = PBXBuildFile; fileRef = 820ED91F2B56CFD500414CD6 /* HomeView.swift */; };
		820ED9222B56CFD600414CD6 /* Assets.xcassets in Resources */ = {isa = PBXBuildFile; fileRef = 820ED9212B56CFD600414CD6 /* Assets.xcassets */; };
		820ED9252B56CFD600414CD6 /* Preview Assets.xcassets in Resources */ = {isa = PBXBuildFile; fileRef = 820ED9242B56CFD600414CD6 /* Preview Assets.xcassets */; };
		820ED92F2B56D08600414CD6 /* AppColors.swift in Sources */ = {isa = PBXBuildFile; fileRef = 820ED92E2B56D08600414CD6 /* AppColors.swift */; };
		820ED9322B56D13500414CD6 /* BackCircleView.swift in Sources */ = {isa = PBXBuildFile; fileRef = 820ED9312B56D13500414CD6 /* BackCircleView.swift */; };
		820ED9342B56D6F900414CD6 /* BackGroundView.swift in Sources */ = {isa = PBXBuildFile; fileRef = 820ED9332B56D6F900414CD6 /* BackGroundView.swift */; };
		820ED9362B571DD600414CD6 /* MotionCircleView.swift in Sources */ = {isa = PBXBuildFile; fileRef = 820ED9352B571DD600414CD6 /* MotionCircleView.swift */; };
		820ED9392B57DF1000414CD6 /* HomeViewModel.swift in Sources */ = {isa = PBXBuildFile; fileRef = 820ED9382B57DF1000414CD6 /* HomeViewModel.swift */; };
		820ED93B2B57E28C00414CD6 /* ExploreButton.swift in Sources */ = {isa = PBXBuildFile; fileRef = 820ED93A2B57E28C00414CD6 /* ExploreButton.swift */; };
		828DC4322B5807E3005EAB4E /* CustomeModifier.swift in Sources */ = {isa = PBXBuildFile; fileRef = 828DC4312B5807E3005EAB4E /* CustomeModifier.swift */; };
		828DC4342B580808005EAB4E /* CardViewHeader.swift in Sources */ = {isa = PBXBuildFile; fileRef = 828DC4332B580808005EAB4E /* CardViewHeader.swift */; };
		828DC4382B5810EA005EAB4E /* SettingView.swift in Sources */ = {isa = PBXBuildFile; fileRef = 828DC4372B5810EA005EAB4E /* SettingView.swift */; };
		828DC43A2B58142B005EAB4E /* TopSection.swift in Sources */ = {isa = PBXBuildFile; fileRef = 828DC4392B58142B005EAB4E /* TopSection.swift */; };
		82D8314D2B5D11C0007E3620 /* SettingViewModel.swift in Sources */ = {isa = PBXBuildFile; fileRef = 82D8314C2B5D11C0007E3620 /* SettingViewModel.swift */; };
		82D8314F2B5D2276007E3620 /* AboutSection.swift in Sources */ = {isa = PBXBuildFile; fileRef = 82D8314E2B5D2276007E3620 /* AboutSection.swift */; };
		82D831512B5D27E5007E3620 /* AppIconSection.swift in Sources */ = {isa = PBXBuildFile; fileRef = 82D831502B5D27E5007E3620 /* AppIconSection.swift */; };
/* End PBXBuildFile section */

/* Begin PBXFileReference section */
		820ED91A2B56CFD500414CD6 /* Awesome.app */ = {isa = PBXFileReference; explicitFileType = wrapper.application; includeInIndex = 0; path = Awesome.app; sourceTree = BUILT_PRODUCTS_DIR; };
		820ED91D2B56CFD500414CD6 /* AwesomeApp.swift */ = {isa = PBXFileReference; lastKnownFileType = sourcecode.swift; path = AwesomeApp.swift; sourceTree = "<group>"; };
		820ED91F2B56CFD500414CD6 /* HomeView.swift */ = {isa = PBXFileReference; lastKnownFileType = sourcecode.swift; path = HomeView.swift; sourceTree = "<group>"; };
		820ED9212B56CFD600414CD6 /* Assets.xcassets */ = {isa = PBXFileReference; lastKnownFileType = folder.assetcatalog; path = Assets.xcassets; sourceTree = "<group>"; };
		820ED9242B56CFD600414CD6 /* Preview Assets.xcassets */ = {isa = PBXFileReference; lastKnownFileType = folder.assetcatalog; path = "Preview Assets.xcassets"; sourceTree = "<group>"; };
		820ED92E2B56D08600414CD6 /* AppColors.swift */ = {isa = PBXFileReference; lastKnownFileType = sourcecode.swift; path = AppColors.swift; sourceTree = "<group>"; };
		820ED9312B56D13500414CD6 /* BackCircleView.swift */ = {isa = PBXFileReference; lastKnownFileType = sourcecode.swift; path = BackCircleView.swift; sourceTree = "<group>"; };
		820ED9332B56D6F900414CD6 /* BackGroundView.swift */ = {isa = PBXFileReference; lastKnownFileType = sourcecode.swift; path = BackGroundView.swift; sourceTree = "<group>"; };
		820ED9352B571DD600414CD6 /* MotionCircleView.swift */ = {isa = PBXFileReference; lastKnownFileType = sourcecode.swift; path = MotionCircleView.swift; sourceTree = "<group>"; };
		820ED9382B57DF1000414CD6 /* HomeViewModel.swift */ = {isa = PBXFileReference; lastKnownFileType = sourcecode.swift; path = HomeViewModel.swift; sourceTree = "<group>"; };
		820ED93A2B57E28C00414CD6 /* ExploreButton.swift */ = {isa = PBXFileReference; lastKnownFileType = sourcecode.swift; path = ExploreButton.swift; sourceTree = "<group>"; };
		828DC4312B5807E3005EAB4E /* CustomeModifier.swift */ = {isa = PBXFileReference; lastKnownFileType = sourcecode.swift; path = CustomeModifier.swift; sourceTree = "<group>"; };
		828DC4332B580808005EAB4E /* CardViewHeader.swift */ = {isa = PBXFileReference; lastKnownFileType = sourcecode.swift; path = CardViewHeader.swift; sourceTree = "<group>"; };
		828DC4372B5810EA005EAB4E /* SettingView.swift */ = {isa = PBXFileReference; lastKnownFileType = sourcecode.swift; path = SettingView.swift; sourceTree = "<group>"; };
		828DC4392B58142B005EAB4E /* TopSection.swift */ = {isa = PBXFileReference; lastKnownFileType = sourcecode.swift; path = TopSection.swift; sourceTree = "<group>"; };
		82D8314C2B5D11C0007E3620 /* SettingViewModel.swift */ = {isa = PBXFileReference; lastKnownFileType = sourcecode.swift; path = SettingViewModel.swift; sourceTree = "<group>"; };
		82D8314E2B5D2276007E3620 /* AboutSection.swift */ = {isa = PBXFileReference; lastKnownFileType = sourcecode.swift; path = AboutSection.swift; sourceTree = "<group>"; };
		82D831502B5D27E5007E3620 /* AppIconSection.swift */ = {isa = PBXFileReference; lastKnownFileType = sourcecode.swift; path = AppIconSection.swift; sourceTree = "<group>"; };
/* End PBXFileReference section */

/* Begin PBXFrameworksBuildPhase section */
		820ED9172B56CFD500414CD6 /* Frameworks */ = {
			isa = PBXFrameworksBuildPhase;
			buildActionMask = 2147483647;
			files = (
			);
			runOnlyForDeploymentPostprocessing = 0;
		};
/* End PBXFrameworksBuildPhase section */

/* Begin PBXGroup section */
		820ED9112B56CFD500414CD6 = {
			isa = PBXGroup;
			children = (
				820ED91C2B56CFD500414CD6 /* Awesome */,
				820ED91B2B56CFD500414CD6 /* Products */,
			);
			sourceTree = "<group>";
		};
		820ED91B2B56CFD500414CD6 /* Products */ = {
			isa = PBXGroup;
			children = (
				820ED91A2B56CFD500414CD6 /* Awesome.app */,
			);
			name = Products;
			sourceTree = "<group>";
		};
		820ED91C2B56CFD500414CD6 /* Awesome */ = {
			isa = PBXGroup;
			children = (
				820ED92C2B56D05C00414CD6 /* Theme */,
				820ED92B2B56D04C00414CD6 /* Core */,
				820ED92D2B56D06500414CD6 /* AppCycle */,
				820ED9232B56CFD600414CD6 /* Preview Content */,
			);
			path = Awesome;
			sourceTree = "<group>";
		};
		820ED9232B56CFD600414CD6 /* Preview Content */ = {
			isa = PBXGroup;
			children = (
				820ED9242B56CFD600414CD6 /* Preview Assets.xcassets */,
			);
			path = "Preview Content";
			sourceTree = "<group>";
		};
		820ED92B2B56D04C00414CD6 /* Core */ = {
			isa = PBXGroup;
			children = (
				820ED91D2B56CFD500414CD6 /* AwesomeApp.swift */,
				828DC4312B5807E3005EAB4E /* CustomeModifier.swift */,
			);
			path = Core;
			sourceTree = "<group>";
		};
		820ED92C2B56D05C00414CD6 /* Theme */ = {
			isa = PBXGroup;
			children = (
				820ED9212B56CFD600414CD6 /* Assets.xcassets */,
				820ED92E2B56D08600414CD6 /* AppColors.swift */,
			);
			path = Theme;
			sourceTree = "<group>";
		};
		820ED92D2B56D06500414CD6 /* AppCycle */ = {
			isa = PBXGroup;
			children = (
				828DC4362B5810DA005EAB4E /* Setting */,
				828DC4352B5810CA005EAB4E /* Home */,
			);
			path = AppCycle;
			sourceTree = "<group>";
		};
		820ED9302B56D11F00414CD6 /* HomeComponent */ = {
			isa = PBXGroup;
			children = (
				820ED9312B56D13500414CD6 /* BackCircleView.swift */,
				820ED9332B56D6F900414CD6 /* BackGroundView.swift */,
				820ED9352B571DD600414CD6 /* MotionCircleView.swift */,
				820ED93A2B57E28C00414CD6 /* ExploreButton.swift */,
				828DC4332B580808005EAB4E /* CardViewHeader.swift */,
			);
			path = HomeComponent;
			sourceTree = "<group>";
		};
		820ED9372B57DF0300414CD6 /* HomeViewModel */ = {
			isa = PBXGroup;
			children = (
				820ED9382B57DF1000414CD6 /* HomeViewModel.swift */,
			);
			path = HomeViewModel;
			sourceTree = "<group>";
		};
		828DC4352B5810CA005EAB4E /* Home */ = {
			isa = PBXGroup;
			children = (
				820ED9372B57DF0300414CD6 /* HomeViewModel */,
				820ED9302B56D11F00414CD6 /* HomeComponent */,
				820ED91F2B56CFD500414CD6 /* HomeView.swift */,
			);
			path = Home;
			sourceTree = "<group>";
		};
		828DC4362B5810DA005EAB4E /* Setting */ = {
			isa = PBXGroup;
			children = (
				82D8314C2B5D11C0007E3620 /* SettingViewModel.swift */,
				828DC4372B5810EA005EAB4E /* SettingView.swift */,
				828DC4392B58142B005EAB4E /* TopSection.swift */,
				82D8314E2B5D2276007E3620 /* AboutSection.swift */,
				82D831502B5D27E5007E3620 /* AppIconSection.swift */,
			);
			path = Setting;
			sourceTree = "<group>";
		};
/* End PBXGroup section */

/* Begin PBXNativeTarget section */
		820ED9192B56CFD500414CD6 /* Awesome */ = {
			isa = PBXNativeTarget;
			buildConfigurationList = 820ED9282B56CFD600414CD6 /* Build configuration list for PBXNativeTarget "Awesome" */;
			buildPhases = (
				820ED9162B56CFD500414CD6 /* Sources */,
				820ED9172B56CFD500414CD6 /* Frameworks */,
				820ED9182B56CFD500414CD6 /* Resources */,
			);
			buildRules = (
			);
			dependencies = (
			);
			name = Awesome;
			productName = Awesome;
			productReference = 820ED91A2B56CFD500414CD6 /* Awesome.app */;
			productType = "com.apple.product-type.application";
		};
/* End PBXNativeTarget section */

/* Begin PBXProject section */
		820ED9122B56CFD500414CD6 /* Project object */ = {
			isa = PBXProject;
			attributes = {
				BuildIndependentTargetsInParallel = 1;
				LastSwiftUpdateCheck = 1510;
				LastUpgradeCheck = 1510;
				TargetAttributes = {
					820ED9192B56CFD500414CD6 = {
						CreatedOnToolsVersion = 15.1;
					};
				};
			};
			buildConfigurationList = 820ED9152B56CFD500414CD6 /* Build configuration list for PBXProject "Awesome" */;
			compatibilityVersion = "Xcode 14.0";
			developmentRegion = en;
			hasScannedForEncodings = 0;
			knownRegions = (
				en,
				Base,
			);
			mainGroup = 820ED9112B56CFD500414CD6;
			productRefGroup = 820ED91B2B56CFD500414CD6 /* Products */;
			projectDirPath = "";
			projectRoot = "";
			targets = (
				820ED9192B56CFD500414CD6 /* Awesome */,
			);
		};
/* End PBXProject section */

/* Begin PBXResourcesBuildPhase section */
		820ED9182B56CFD500414CD6 /* Resources */ = {
			isa = PBXResourcesBuildPhase;
			buildActionMask = 2147483647;
			files = (
				820ED9252B56CFD600414CD6 /* Preview Assets.xcassets in Resources */,
				820ED9222B56CFD600414CD6 /* Assets.xcassets in Resources */,
			);
			runOnlyForDeploymentPostprocessing = 0;
		};
/* End PBXResourcesBuildPhase section */

/* Begin PBXSourcesBuildPhase section */
		820ED9162B56CFD500414CD6 /* Sources */ = {
			isa = PBXSourcesBuildPhase;
			buildActionMask = 2147483647;
			files = (
				820ED9362B571DD600414CD6 /* MotionCircleView.swift in Sources */,
				820ED93B2B57E28C00414CD6 /* ExploreButton.swift in Sources */,
				820ED92F2B56D08600414CD6 /* AppColors.swift in Sources */,
				82D8314D2B5D11C0007E3620 /* SettingViewModel.swift in Sources */,
				820ED9392B57DF1000414CD6 /* HomeViewModel.swift in Sources */,
				828DC4322B5807E3005EAB4E /* CustomeModifier.swift in Sources */,
				820ED9322B56D13500414CD6 /* BackCircleView.swift in Sources */,
				820ED9202B56CFD500414CD6 /* HomeView.swift in Sources */,
				828DC4342B580808005EAB4E /* CardViewHeader.swift in Sources */,
				820ED9342B56D6F900414CD6 /* BackGroundView.swift in Sources */,
				82D831512B5D27E5007E3620 /* AppIconSection.swift in Sources */,
				820ED91E2B56CFD500414CD6 /* AwesomeApp.swift in Sources */,
				828DC4382B5810EA005EAB4E /* SettingView.swift in Sources */,
				828DC43A2B58142B005EAB4E /* TopSection.swift in Sources */,
				82D8314F2B5D2276007E3620 /* AboutSection.swift in Sources */,
			);
			runOnlyForDeploymentPostprocessing = 0;
		};
/* End PBXSourcesBuildPhase section */

/* Begin XCBuildConfiguration section */
		820ED9262B56CFD600414CD6 /* Debug */ = {
			isa = XCBuildConfiguration;
			buildSettings = {
				ALWAYS_SEARCH_USER_PATHS = NO;
				ASSETCATALOG_COMPILER_ALTERNATE_APPICON_NAMES = "AppIcon-Mushroom-Preview";
				ASSETCATALOG_COMPILER_GENERATE_SWIFT_ASSET_SYMBOL_EXTENSIONS = YES;
				ASSETCATALOG_COMPILER_INCLUDE_ALL_APPICON_ASSETS = YES;
				CLANG_ANALYZER_NONNULL = YES;
				CLANG_ANALYZER_NUMBER_OBJECT_CONVERSION = YES_AGGRESSIVE;
				CLANG_CXX_LANGUAGE_STANDARD = "gnu++20";
				CLANG_ENABLE_MODULES = YES;
				CLANG_ENABLE_OBJC_ARC = YES;
				CLANG_ENABLE_OBJC_WEAK = YES;
				CLANG_WARN_BLOCK_CAPTURE_AUTORELEASING = YES;
				CLANG_WARN_BOOL_CONVERSION = YES;
				CLANG_WARN_COMMA = YES;
				CLANG_WARN_CONSTANT_CONVERSION = YES;
				CLANG_WARN_DEPRECATED_OBJC_IMPLEMENTATIONS = YES;
				CLANG_WARN_DIRECT_OBJC_ISA_USAGE = YES_ERROR;
				CLANG_WARN_DOCUMENTATION_COMMENTS = YES;
				CLANG_WARN_EMPTY_BODY = YES;
				CLANG_WARN_ENUM_CONVERSION = YES;
				CLANG_WARN_INFINITE_RECURSION = YES;
				CLANG_WARN_INT_CONVERSION = YES;
				CLANG_WARN_NON_LITERAL_NULL_CONVERSION = YES;
				CLANG_WARN_OBJC_IMPLICIT_RETAIN_SELF = YES;
				CLANG_WARN_OBJC_LITERAL_CONVERSION = YES;
				CLANG_WARN_OBJC_ROOT_CLASS = YES_ERROR;
				CLANG_WARN_QUOTED_INCLUDE_IN_FRAMEWORK_HEADER = YES;
				CLANG_WARN_RANGE_LOOP_ANALYSIS = YES;
				CLANG_WARN_STRICT_PROTOTYPES = YES;
				CLANG_WARN_SUSPICIOUS_MOVE = YES;
				CLANG_WARN_UNGUARDED_AVAILABILITY = YES_AGGRESSIVE;
				CLANG_WARN_UNREACHABLE_CODE = YES;
				CLANG_WARN__DUPLICATE_METHOD_MATCH = YES;
				COPY_PHASE_STRIP = NO;
				DEBUG_INFORMATION_FORMAT = dwarf;
				ENABLE_STRICT_OBJC_MSGSEND = YES;
				ENABLE_TESTABILITY = YES;
				ENABLE_USER_SCRIPT_SANDBOXING = YES;
				GCC_C_LANGUAGE_STANDARD = gnu17;
				GCC_DYNAMIC_NO_PIC = NO;
				GCC_NO_COMMON_BLOCKS = YES;
				GCC_OPTIMIZATION_LEVEL = 0;
				GCC_PREPROCESSOR_DEFINITIONS = (
					"DEBUG=1",
					"$(inherited)",
				);
				GCC_WARN_64_TO_32_BIT_CONVERSION = YES;
				GCC_WARN_ABOUT_RETURN_TYPE = YES_ERROR;
				GCC_WARN_UNDECLARED_SELECTOR = YES;
				GCC_WARN_UNINITIALIZED_AUTOS = YES_AGGRESSIVE;
				GCC_WARN_UNUSED_FUNCTION = YES;
				GCC_WARN_UNUSED_VARIABLE = YES;
				IPHONEOS_DEPLOYMENT_TARGET = 17.2;
				LOCALIZATION_PREFERS_STRING_CATALOGS = YES;
				MTL_ENABLE_DEBUG_INFO = INCLUDE_SOURCE;
				MTL_FAST_MATH = YES;
				ONLY_ACTIVE_ARCH = YES;
				SDKROOT = iphoneos;
				SWIFT_ACTIVE_COMPILATION_CONDITIONS = "DEBUG $(inherited)";
				SWIFT_OPTIMIZATION_LEVEL = "-Onone";
			};
			name = Debug;
		};
		820ED9272B56CFD600414CD6 /* Release */ = {
			isa = XCBuildConfiguration;
			buildSettings = {
				ALWAYS_SEARCH_USER_PATHS = NO;
				ASSETCATALOG_COMPILER_ALTERNATE_APPICON_NAMES = "AppIcon-Mushroom-Preview";
				ASSETCATALOG_COMPILER_GENERATE_SWIFT_ASSET_SYMBOL_EXTENSIONS = YES;
				ASSETCATALOG_COMPILER_INCLUDE_ALL_APPICON_ASSETS = YES;
				CLANG_ANALYZER_NONNULL = YES;
				CLANG_ANALYZER_NUMBER_OBJECT_CONVERSION = YES_AGGRESSIVE;
				CLANG_CXX_LANGUAGE_STANDARD = "gnu++20";
				CLANG_ENABLE_MODULES = YES;
				CLANG_ENABLE_OBJC_ARC = YES;
				CLANG_ENABLE_OBJC_WEAK = YES;
				CLANG_WARN_BLOCK_CAPTURE_AUTORELEASING = YES;
				CLANG_WARN_BOOL_CONVERSION = YES;
				CLANG_WARN_COMMA = YES;
				CLANG_WARN_CONSTANT_CONVERSION = YES;
				CLANG_WARN_DEPRECATED_OBJC_IMPLEMENTATIONS = YES;
				CLANG_WARN_DIRECT_OBJC_ISA_USAGE = YES_ERROR;
				CLANG_WARN_DOCUMENTATION_COMMENTS = YES;
				CLANG_WARN_EMPTY_BODY = YES;
				CLANG_WARN_ENUM_CONVERSION = YES;
				CLANG_WARN_INFINITE_RECURSION = YES;
				CLANG_WARN_INT_CONVERSION = YES;
				CLANG_WARN_NON_LITERAL_NULL_CONVERSION = YES;
				CLANG_WARN_OBJC_IMPLICIT_RETAIN_SELF = YES;
				CLANG_WARN_OBJC_LITERAL_CONVERSION = YES;
				CLANG_WARN_OBJC_ROOT_CLASS = YES_ERROR;
				CLANG_WARN_QUOTED_INCLUDE_IN_FRAMEWORK_HEADER = YES;
				CLANG_WARN_RANGE_LOOP_ANALYSIS = YES;
				CLANG_WARN_STRICT_PROTOTYPES = YES;
				CLANG_WARN_SUSPICIOUS_MOVE = YES;
				CLANG_WARN_UNGUARDED_AVAILABILITY = YES_AGGRESSIVE;
				CLANG_WARN_UNREACHABLE_CODE = YES;
				CLANG_WARN__DUPLICATE_METHOD_MATCH = YES;
				COPY_PHASE_STRIP = NO;
				DEBUG_INFORMATION_FORMAT = "dwarf-with-dsym";
				ENABLE_NS_ASSERTIONS = NO;
				ENABLE_STRICT_OBJC_MSGSEND = YES;
				ENABLE_USER_SCRIPT_SANDBOXING = YES;
				GCC_C_LANGUAGE_STANDARD = gnu17;
				GCC_NO_COMMON_BLOCKS = YES;
				GCC_WARN_64_TO_32_BIT_CONVERSION = YES;
				GCC_WARN_ABOUT_RETURN_TYPE = YES_ERROR;
				GCC_WARN_UNDECLARED_SELECTOR = YES;
				GCC_WARN_UNINITIALIZED_AUTOS = YES_AGGRESSIVE;
				GCC_WARN_UNUSED_FUNCTION = YES;
				GCC_WARN_UNUSED_VARIABLE = YES;
				IPHONEOS_DEPLOYMENT_TARGET = 17.2;
				LOCALIZATION_PREFERS_STRING_CATALOGS = YES;
				MTL_ENABLE_DEBUG_INFO = NO;
				MTL_FAST_MATH = YES;
				SDKROOT = iphoneos;
				SWIFT_COMPILATION_MODE = wholemodule;
				VALIDATE_PRODUCT = YES;
			};
			name = Release;
		};
		820ED9292B56CFD600414CD6 /* Debug */ = {
			isa = XCBuildConfiguration;
			buildSettings = {
				ASSETCATALOG_COMPILER_ALTERNATE_APPICON_NAMES = "AppIcon-Mushroom AppIcon-Backpack AppIcon-Camera AppIcon-Campfire AppIcon-Map AppIcon-MagnifyingGlass";
				ASSETCATALOG_COMPILER_APPICON_NAME = AppIcon;
				ASSETCATALOG_COMPILER_GLOBAL_ACCENT_COLOR_NAME = AccentColor;
				ASSETCATALOG_COMPILER_INCLUDE_ALL_APPICON_ASSETS = YES;
				CODE_SIGN_STYLE = Automatic;
				CURRENT_PROJECT_VERSION = 1;
				DEVELOPMENT_ASSET_PATHS = "\"Awesome/Preview Content\"";
				ENABLE_PREVIEWS = YES;
				GENERATE_INFOPLIST_FILE = YES;
				INFOPLIST_KEY_UIApplicationSceneManifest_Generation = YES;
				INFOPLIST_KEY_UIApplicationSupportsIndirectInputEvents = YES;
				INFOPLIST_KEY_UILaunchScreen_Generation = YES;
				INFOPLIST_KEY_UISupportedInterfaceOrientations_iPad = "UIInterfaceOrientationPortrait UIInterfaceOrientationPortraitUpsideDown UIInterfaceOrientationLandscapeLeft UIInterfaceOrientationLandscapeRight";
				INFOPLIST_KEY_UISupportedInterfaceOrientations_iPhone = "UIInterfaceOrientationPortrait UIInterfaceOrientationLandscapeLeft UIInterfaceOrientationLandscapeRight";
				LD_RUNPATH_SEARCH_PATHS = (
					"$(inherited)",
					"@executable_path/Frameworks",
				);
				MARKETING_VERSION = 1.0;
				PRODUCT_BUNDLE_IDENTIFIER = com.diab.Awesome;
				PRODUCT_NAME = "$(TARGET_NAME)";
				SWIFT_EMIT_LOC_STRINGS = YES;
				SWIFT_VERSION = 5.0;
				TARGETED_DEVICE_FAMILY = "1,2";
			};
			name = Debug;
		};
		820ED92A2B56CFD600414CD6 /* Release */ = {
			isa = XCBuildConfiguration;
			buildSettings = {
				ASSETCATALOG_COMPILER_ALTERNATE_APPICON_NAMES = "AppIcon-Mushroom AppIcon-Backpack AppIcon-Camera AppIcon-Campfire AppIcon-Map AppIcon-MagnifyingGlass";
				ASSETCATALOG_COMPILER_APPICON_NAME = AppIcon;
				ASSETCATALOG_COMPILER_GLOBAL_ACCENT_COLOR_NAME = AccentColor;
				ASSETCATALOG_COMPILER_INCLUDE_ALL_APPICON_ASSETS = YES;
				CODE_SIGN_STYLE = Automatic;
				CURRENT_PROJECT_VERSION = 1;
				DEVELOPMENT_ASSET_PATHS = "\"Awesome/Preview Content\"";
				ENABLE_PREVIEWS = YES;
				GENERATE_INFOPLIST_FILE = YES;
				INFOPLIST_KEY_UIApplicationSceneManifest_Generation = YES;
				INFOPLIST_KEY_UIApplicationSupportsIndirectInputEvents = YES;
				INFOPLIST_KEY_UILaunchScreen_Generation = YES;
				INFOPLIST_KEY_UISupportedInterfaceOrientations_iPad = "UIInterfaceOrientationPortrait UIInterfaceOrientationPortraitUpsideDown UIInterfaceOrientationLandscapeLeft UIInterfaceOrientationLandscapeRight";
				INFOPLIST_KEY_UISupportedInterfaceOrientations_iPhone = "UIInterfaceOrientationPortrait UIInterfaceOrientationLandscapeLeft UIInterfaceOrientationLandscapeRight";
				LD_RUNPATH_SEARCH_PATHS = (
					"$(inherited)",
					"@executable_path/Frameworks",
				);
				MARKETING_VERSION = 1.0;
				PRODUCT_BUNDLE_IDENTIFIER = com.diab.Awesome;
				PRODUCT_NAME = "$(TARGET_NAME)";
				SWIFT_EMIT_LOC_STRINGS = YES;
				SWIFT_VERSION = 5.0;
				TARGETED_DEVICE_FAMILY = "1,2";
			};
			name = Release;
		};
/* End XCBuildConfiguration section */

/* Begin XCConfigurationList section */
		820ED9152B56CFD500414CD6 /* Build configuration list for PBXProject "Awesome" */ = {
			isa = XCConfigurationList;
			buildConfigurations = (
				820ED9262B56CFD600414CD6 /* Debug */,
				820ED9272B56CFD600414CD6 /* Release */,
			);
			defaultConfigurationIsVisible = 0;
			defaultConfigurationName = Release;
		};
		820ED9282B56CFD600414CD6 /* Build configuration list for PBXNativeTarget "Awesome" */ = {
			isa = XCConfigurationList;
			buildConfigurations = (
				820ED9292B56CFD600414CD6 /* Debug */,
				820ED92A2B56CFD600414CD6 /* Release */,
			);
			defaultConfigurationIsVisible = 0;
			defaultConfigurationName = Release;
		};
/* End XCConfigurationList section */
	};
	rootObject = 820ED9122B56CFD500414CD6 /* Project object */;
}
